
Microsoft Visual Studio Solution File, Format Version 12.00
# Visual Studio 15
VisualStudioVersion = 15.0.28307.757
MinimumVisualStudioVersion = 10.0.40219.1
Project("{FAE04EC0-301F-11D3-BF4B-00C04F79EFBC}") = "MagasugroProjekt", "MagasugroProjekt.csproj", "{73ECD340-64C3-4BBA-941A-C77AE20FA17D}"
EndProject
Global
	GlobalSection(SolutionConfigurationPlatforms) = preSolution
		Debug|Any CPU = Debug|Any CPU
		Release|Any CPU = Release|Any CPU
	EndGlobalSection
	GlobalSection(ProjectConfigurationPlatforms) = postSolution
		{73ECD340-64C3-4BBA-941A-C77AE20FA17D}.Debug|Any CPU.ActiveCfg = Debug|Any CPU
		{73ECD340-64C3-4BBA-941A-C77AE20FA17D}.Debug|Any CPU.Build.0 = Debug|Any CPU
		{73ECD340-64C3-4BBA-941A-C77AE20FA17D}.Release|Any CPU.ActiveCfg = Release|Any CPU
		{73ECD340-64C3-4BBA-941A-C77AE20FA17D}.Release|Any CPU.Build.0 = Release|Any CPU
	EndGlobalSection
	GlobalSection(SolutionProperties) = preSolution
		HideSolutionNode = FALSE
	EndGlobalSection
	GlobalSection(ExtensibilityGlobals) = postSolution
		SolutionGuid = {40CB5B1A-6C16-4582-B889-1C66729A79CB}
	EndGlobalSection
EndGlobal
